{
  "name": "power-bi-demo",
  "version": "1.0.0",
  "lockfileVersion": 1,
  "requires": true,
  "dependencies": {
    "@babel/runtime": {
      "version": "7.16.7",
      "resolved": "https://registry.npmjs.org/@babel/runtime/-/runtime-7.16.7.tgz",
      "integrity": "sha512-9E9FJowqAsytyOY6LG+1KuueckRL+aQW+mKvXRXnuFGyRAyepJPmEo9vgMfXUA6O9u3IeEdv9MAkppFcaQwogQ==",
      "requires": {
        "regenerator-runtime": "^0.13.4"
      },
      "dependencies": {
        "regenerator-runtime": {
          "version": "0.13.9",
          "resolved": "https://registry.npmjs.org/regenerator-runtime/-/regenerator-runtime-0.13.9.tgz",
          "integrity": "sha512-p3VT+cOEgxFsRRA9X4lkI1E+k2/CtnKtU4gcxyaCUreilL/vqI6CdZ3wxVUx3UOUg+gnUOQQcRI7BmSI656MYA=="
        }
      }
    },
    "@blueprintjs/icons": {
      "version": "3.31.0",
      "resolved": "https://registry.npmjs.org/@blueprintjs/icons/-/icons-3.31.0.tgz",
      "integrity": "sha512-6pXhHC8zEvoDKN5KNsIHNuCRKsemmRbXNv1jweB95VaFzR1M+Mik+Qi+13Wd+VtZrzes2ZcWttIeyuK91NoLCw==",
      "requires": {
        "classnames": "^2.2",
        "tslib": "~1.13.0"
      }
    },
    "@emotion/hash": {
      "version": "0.7.4",
      "resolved": "https://registry.npmjs.org/@emotion/hash/-/hash-0.7.4.tgz",
      "integrity": "sha512-fxfMSBMX3tlIbKUdtGKxqB1fyrH6gVrX39Gsv3y8lRYKUqlgDt3UMqQyGnR1bQMa2B8aGnhLZokZgg8vT0Le+A=="
    },
    "@types/prop-types": {
      "version": "15.7.4",
      "resolved": "https://registry.npmjs.org/@types/prop-types/-/prop-types-15.7.4.tgz",
      "integrity": "sha512-rZ5drC/jWjrArrS8BR6SIr4cWpW09RNTYt9AMZo3Jwwif+iacXAqgVjm0B0Bv/S1jhDXKHqRVNCbACkJ89RAnQ=="
    },
    "@types/react": {
      "version": "16.14.22",
      "resolved": "https://registry.npmjs.org/@types/react/-/react-16.14.22.tgz",
      "integrity": "sha512-4NnkxKDd2UO9SiCckuhCQOCzdO+RtE4Epf1D6eGz3f9jZjiIXOVo+Bk3jqSad+8EOT+LBXwKdkFX0V0F+NFzDQ==",
      "requires": {
        "@types/prop-types": "*",
        "@types/scheduler": "*",
        "csstype": "^3.0.2"
      }
    },
    "@types/scheduler": {
      "version": "0.16.2",
      "resolved": "https://registry.npmjs.org/@types/scheduler/-/scheduler-0.16.2.tgz",
      "integrity": "sha512-hppQEBDmlwhFAXKJX2KnWLYu5yMfi91yazPb2l+lbJiwW+wdo1gNeRA+3RgNSO39WYX2euey41KEwnqesU2Jew=="
    },
    "ansi-regex": {
      "version": "2.1.1",
      "resolved": "https://registry.npmjs.org/ansi-regex/-/ansi-regex-2.1.1.tgz",
      "integrity": "sha1-w7M6te42DYbg5ijwRorn7yfWVN8="
    },
    "ansi-styles": {
      "version": "2.2.1",
      "resolved": "https://registry.npmjs.org/ansi-styles/-/ansi-styles-2.2.1.tgz",
      "integrity": "sha1-tDLdM1i2NM914eRmQ2gkBTPB3b4="
    },
    "arrify": {
      "version": "1.0.1",
      "resolved": "https://registry.npmjs.org/arrify/-/arrify-1.0.1.tgz",
      "integrity": "sha1-iYUI2iIm84DfkEcoRWhJwVAaSw0="
    },
    "asap": {
      "version": "2.0.6",
      "resolved": "https://registry.npmjs.org/asap/-/asap-2.0.6.tgz",
      "integrity": "sha1-5QNHYR1+aQlDIIu9r+vLwvuGbUY="
    },
    "babel-code-frame": {
      "version": "6.26.0",
      "resolved": "https://registry.npmjs.org/babel-code-frame/-/babel-code-frame-6.26.0.tgz",
      "integrity": "sha1-Y/1D99weO7fONZR9uP42mj9Yx0s=",
      "requires": {
        "chalk": "^1.1.3",
        "esutils": "^2.0.2",
        "js-tokens": "^3.0.2"
      }
    },
    "babel-helper-function-name": {
      "version": "6.24.1",
      "resolved": "https://registry.npmjs.org/babel-helper-function-name/-/babel-helper-function-name-6.24.1.tgz",
      "integrity": "sha1-00dbjAPtmCQqJbSDUasYOZ01gKk=",
      "requires": {
        "babel-helper-get-function-arity": "^6.24.1",
        "babel-runtime": "^6.22.0",
        "babel-template": "^6.24.1",
        "babel-traverse": "^6.24.1",
        "babel-types": "^6.24.1"
      }
    },
    "babel-helper-get-function-arity": {
      "version": "6.24.1",
      "resolved": "https://registry.npmjs.org/babel-helper-get-function-arity/-/babel-helper-get-function-arity-6.24.1.tgz",
      "integrity": "sha1-j3eCqpNAfEHTqlCQj4mwMbG2hT0=",
      "requires": {
        "babel-runtime": "^6.22.0",
        "babel-types": "^6.24.1"
      }
    },
    "babel-messages": {
      "version": "6.23.0",
      "resolved": "https://registry.npmjs.org/babel-messages/-/babel-messages-6.23.0.tgz",
      "integrity": "sha1-8830cDhYA1sqKVHG7F7fbGLyYw4=",
      "requires": {
        "babel-runtime": "^6.22.0"
      }
    },
    "babel-plugin-syntax-class-properties": {
      "version": "6.13.0",
      "resolved": "https://registry.npmjs.org/babel-plugin-syntax-class-properties/-/babel-plugin-syntax-class-properties-6.13.0.tgz",
      "integrity": "sha1-1+sjt5oxf4VDlixQW4J8fWysJ94="
    },
    "babel-plugin-syntax-object-rest-spread": {
      "version": "6.13.0",
      "resolved": "https://registry.npmjs.org/babel-plugin-syntax-object-rest-spread/-/babel-plugin-syntax-object-rest-spread-6.13.0.tgz",
      "integrity": "sha1-/WU28rzhODb/o6VFjEkDpZe7O/U="
    },
    "babel-plugin-transform-class-properties": {
      "version": "6.24.1",
      "resolved": "https://registry.npmjs.org/babel-plugin-transform-class-properties/-/babel-plugin-transform-class-properties-6.24.1.tgz",
      "integrity": "sha1-anl2PqYdM9NvN7YRqp3vgagbRqw=",
      "requires": {
        "babel-helper-function-name": "^6.24.1",
        "babel-plugin-syntax-class-properties": "^6.8.0",
        "babel-runtime": "^6.22.0",
        "babel-template": "^6.24.1"
      }
    },
    "babel-plugin-transform-object-rest-spread": {
      "version": "6.26.0",
      "resolved": "https://registry.npmjs.org/babel-plugin-transform-object-rest-spread/-/babel-plugin-transform-object-rest-spread-6.26.0.tgz",
      "integrity": "sha1-DzZpLVD+9rfi1LOsFHgTepY7ewY=",
      "requires": {
        "babel-plugin-syntax-object-rest-spread": "^6.8.0",
        "babel-runtime": "^6.26.0"
      }
    },
    "babel-runtime": {
      "version": "6.26.0",
      "resolved": "https://registry.npmjs.org/babel-runtime/-/babel-runtime-6.26.0.tgz",
      "integrity": "sha1-llxwWGaOgrVde/4E/yM3vItWR/4=",
      "requires": {
        "core-js": "^2.4.0",
        "regenerator-runtime": "^0.11.0"
      }
    },
    "babel-template": {
      "version": "6.26.0",
      "resolved": "https://registry.npmjs.org/babel-template/-/babel-template-6.26.0.tgz",
      "integrity": "sha1-3gPi0WOWsGn0bdn/+FIfsaDjXgI=",
      "requires": {
        "babel-runtime": "^6.26.0",
        "babel-traverse": "^6.26.0",
        "babel-types": "^6.26.0",
        "babylon": "^6.18.0",
        "lodash": "^4.17.4"
      }
    },
    "babel-traverse": {
      "version": "6.26.0",
      "resolved": "https://registry.npmjs.org/babel-traverse/-/babel-traverse-6.26.0.tgz",
      "integrity": "sha1-RqnL1+3MYsjlwGTi0tjQ9ANXZu4=",
      "requires": {
        "babel-code-frame": "^6.26.0",
        "babel-messages": "^6.23.0",
        "babel-runtime": "^6.26.0",
        "babel-types": "^6.26.0",
        "babylon": "^6.18.0",
        "debug": "^2.6.8",
        "globals": "^9.18.0",
        "invariant": "^2.2.2",
        "lodash": "^4.17.4"
      }
    },
    "babel-types": {
      "version": "6.26.0",
      "resolved": "https://registry.npmjs.org/babel-types/-/babel-types-6.26.0.tgz",
      "integrity": "sha1-o7Bz+Uq0nrb6Vc1lInozQ4BjJJc=",
      "requires": {
        "babel-runtime": "^6.26.0",
        "esutils": "^2.0.2",
        "lodash": "^4.17.4",
        "to-fast-properties": "^1.0.3"
      }
    },
    "babylon": {
      "version": "6.18.0",
      "resolved": "https://registry.npmjs.org/babylon/-/babylon-6.18.0.tgz",
      "integrity": "sha512-q/UEjfGJ2Cm3oKV71DJz9d25TPnq5rhBVL2Q4fA5wcC3jcrdn7+SssEybFIxwAvvP+YCsCYNKughoF33GxgycQ=="
    },
    "bowser": {
      "version": "1.9.4",
      "resolved": "https://registry.npmjs.org/bowser/-/bowser-1.9.4.tgz",
      "integrity": "sha512-9IdMmj2KjigRq6oWhmwv1W36pDuA4STQZ8q6YO9um+x07xgYNCD3Oou+WP/3L1HNz7iqythGet3/p4wvc8AAwQ=="
    },
    "chalk": {
      "version": "1.1.3",
      "resolved": "https://registry.npmjs.org/chalk/-/chalk-1.1.3.tgz",
      "integrity": "sha1-qBFcVeSnAv5NFQq9OHKCKn4J/Jg=",
      "requires": {
        "ansi-styles": "^2.2.1",
        "escape-string-regexp": "^1.0.2",
        "has-ansi": "^2.0.0",
        "strip-ansi": "^3.0.0",
        "supports-color": "^2.0.0"
      }
    },
    "classnames": {
      "version": "2.3.1",
      "resolved": "https://registry.npmjs.org/classnames/-/classnames-2.3.1.tgz",
      "integrity": "sha512-OlQdbZ7gLfGarSqxesMesDa5uz7KFbID8Kpq/SxIoNGDqY8lSYs0D+hhtBXhcdB3rcbXArFr7vlHheLk1voeNA=="
    },
    "compute-scroll-into-view": {
      "version": "1.0.17",
      "resolved": "https://registry.npmjs.org/compute-scroll-into-view/-/compute-scroll-into-view-1.0.17.tgz",
      "integrity": "sha512-j4dx+Fb0URmzbwwMUrhqWM2BEWHdFGx+qZ9qqASHRPqvTYdqvWnHg0H1hIbcyLnvgnoNAVMlwkepyqM3DaIFUg=="
    },
    "core-js": {
      "version": "2.6.12",
      "resolved": "https://registry.npmjs.org/core-js/-/core-js-2.6.12.tgz",
      "integrity": "sha512-Kb2wC0fvsWfQrgk8HU5lW6U/Lcs8+9aaYcy4ZFc6DDlo4nZ7n70dEgE5rtR0oG6ufKDUnrwfWL1mXR5ljDatrQ=="
    },
    "css-in-js-utils": {
      "version": "2.0.1",
      "resolved": "https://registry.npmjs.org/css-in-js-utils/-/css-in-js-utils-2.0.1.tgz",
      "integrity": "sha512-PJF0SpJT+WdbVVt0AOYp9C8GnuruRlL/UFW7932nLWmFLQTaWEzTBQEx7/hn4BuV+WON75iAViSUJLiU3PKbpA==",
      "requires": {
        "hyphenate-style-name": "^1.0.2",
        "isobject": "^3.0.1"
      }
    },
    "csstype": {
      "version": "3.0.10",
      "resolved": "https://registry.npmjs.org/csstype/-/csstype-3.0.10.tgz",
      "integrity": "sha512-2u44ZG2OcNUO9HDp/Jl8C07x6pU/eTR3ncV91SiK3dhG9TWvRVsCoJw14Ckx5DgWkzGA3waZWO3d7pgqpUI/XA=="
    },
    "debug": {
      "version": "2.6.9",
      "resolved": "https://registry.npmjs.org/debug/-/debug-2.6.9.tgz",
      "integrity": "sha512-bC7ElrdJaJnPbAP+1EotYvqZsb3ecl5wi6Bfi6BJTUcNowp6cvspg0jXznRTKDjm/E7AdgFBVeAPVMNcKGsHMA==",
      "requires": {
        "ms": "2.0.0"
      }
    },
    "dom-helpers": {
      "version": "3.4.0",
      "resolved": "https://registry.npmjs.org/dom-helpers/-/dom-helpers-3.4.0.tgz",
      "integrity": "sha512-LnuPJ+dwqKDIyotW1VzmOZ5TONUN7CwkCR5hrgawTUbkBGYdeoNLZo6nNfGkCrjtE1nXXaj7iMMpDa8/d9WoIA==",
      "requires": {
        "@babel/runtime": "^7.1.2"
      }
    },
    "downshift": {
      "version": "3.4.8",
      "resolved": "https://registry.npmjs.org/downshift/-/downshift-3.4.8.tgz",
      "integrity": "sha512-dZL3iNL/LbpHNzUQAaVq/eTD1ocnGKKjbAl/848Q0KEp6t81LJbS37w3f93oD6gqqAnjdgM7Use36qZSipHXBw==",
      "requires": {
        "@babel/runtime": "^7.4.5",
        "compute-scroll-into-view": "^1.0.9",
        "prop-types": "^15.7.2",
        "react-is": "^16.9.0"
      }
    },
    "encoding": {
      "version": "0.1.13",
      "resolved": "https://registry.npmjs.org/encoding/-/encoding-0.1.13.tgz",
      "integrity": "sha512-ETBauow1T35Y/WZMkio9jiM0Z5xjHHmJ4XmjZOq1l/dXz3lr2sRn87nJy20RupqSh1F2m3HHPSp8ShIPQJrJ3A==",
      "requires": {
        "iconv-lite": "^0.6.2"
      }
    },
    "es6-promise": {
      "version": "3.3.1",
      "resolved": "https://registry.npmjs.org/es6-promise/-/es6-promise-3.3.1.tgz",
      "integrity": "sha1-oIzd6EzNvzTQJ6FFG8kdS80ophM="
    },
    "escape-string-regexp": {
      "version": "1.0.5",
      "resolved": "https://registry.npmjs.org/escape-string-regexp/-/escape-string-regexp-1.0.5.tgz",
      "integrity": "sha1-G2HAViGQqN/2rjuyzwIAyhMLhtQ="
    },
    "esutils": {
      "version": "2.0.3",
      "resolved": "https://registry.npmjs.org/esutils/-/esutils-2.0.3.tgz",
      "integrity": "sha512-kVscqXk4OCp68SZ0dkgEKVi6/8ij300KBWTJq32P/dYeWTSwK41WyTxalN1eRmA5Z9UU/LX9D7FWSmV9SAYx6g=="
    },
    "evergreen-ui": {
      "version": "4.29.1",
      "resolved": "https://registry.npmjs.org/evergreen-ui/-/evergreen-ui-4.29.1.tgz",
      "integrity": "sha512-STGuq7KqwTMa4/REEBXIqilpL04TJ5nRWa0UmFCFVQ+aWK/iIrxtqdu0jlfGRaJStmMPlwO/gTPA0KIS5DK5fA==",
      "requires": {
        "@babel/runtime": "^7.1.2",
        "@blueprintjs/icons": "^3.2.0",
        "@types/react": "^16.9.5",
        "arrify": "^1.0.1",
        "classnames": "^2.2.6",
        "dom-helpers": "^3.2.1",
        "downshift": "^3.3.1",
        "fuzzaldrin-plus": "^0.6.0",
        "glamor": "^2.20.40",
        "lodash.debounce": "^4.0.8",
        "lodash.startcase": "^4.4.0",
        "prop-types": "^15.6.2",
        "react-is": "^16.13.1",
        "react-scrollbar-size": "^2.0.2",
        "react-tiny-virtual-list": "^2.1.4",
        "react-transition-group": "^2.5.0",
        "tinycolor2": "^1.4.1",
        "ui-box": "^3.2.0"
      }
    },
    "fbjs": {
      "version": "0.8.18",
      "resolved": "https://registry.npmjs.org/fbjs/-/fbjs-0.8.18.tgz",
      "integrity": "sha512-EQaWFK+fEPSoibjNy8IxUtaFOMXcWsY0JaVrQoZR9zC8N2Ygf9iDITPWjUTVIax95b6I742JFLqASHfsag/vKA==",
      "requires": {
        "core-js": "^1.0.0",
        "isomorphic-fetch": "^2.1.1",
        "loose-envify": "^1.0.0",
        "object-assign": "^4.1.0",
        "promise": "^7.1.1",
        "setimmediate": "^1.0.5",
        "ua-parser-js": "^0.7.30"
      },
      "dependencies": {
        "core-js": {
          "version": "1.2.7",
          "resolved": "https://registry.npmjs.org/core-js/-/core-js-1.2.7.tgz",
          "integrity": "sha1-ZSKUwUZR2yj6k70tX/KYOk8IxjY="
        }
      }
    },
    "fuzzaldrin-plus": {
      "version": "0.6.0",
      "resolved": "https://registry.npmjs.org/fuzzaldrin-plus/-/fuzzaldrin-plus-0.6.0.tgz",
      "integrity": "sha1-gy9kifvodnaUWVmckUpnDsIpR+4="
    },
    "glamor": {
      "version": "2.20.40",
      "resolved": "https://registry.npmjs.org/glamor/-/glamor-2.20.40.tgz",
      "integrity": "sha512-DNXCd+c14N9QF8aAKrfl4xakPk5FdcFwmH7sD0qnC0Pr7xoZ5W9yovhUrY/dJc3psfGGXC58vqQyRtuskyUJxA==",
      "requires": {
        "fbjs": "^0.8.12",
        "inline-style-prefixer": "^3.0.6",
        "object-assign": "^4.1.1",
        "prop-types": "^15.5.10",
        "through": "^2.3.8"
      }
    },
    "globals": {
      "version": "9.18.0",
      "resolved": "https://registry.npmjs.org/globals/-/globals-9.18.0.tgz",
      "integrity": "sha512-S0nG3CLEQiY/ILxqtztTWH/3iRRdyBLw6KMDxnKMchrtbj2OFmehVh0WUCfW3DUrIgx/qFrJPICrq4Z4sTR9UQ=="
    },
    "has-ansi": {
      "version": "2.0.0",
      "resolved": "https://registry.npmjs.org/has-ansi/-/has-ansi-2.0.0.tgz",
      "integrity": "sha1-NPUEnOHs3ysGSa8+8k5F7TVBbZE=",
      "requires": {
        "ansi-regex": "^2.0.0"
      }
    },
    "http-post-message": {
      "version": "0.2.3",
      "resolved": "https://registry.npmjs.org/http-post-message/-/http-post-message-0.2.3.tgz",
      "integrity": "sha1-MsVgrGFfMQp+RZ/8cSd7V5skLh4=",
      "requires": {
        "es6-promise": "^3.2.1"
      }
    },
    "hyphenate-style-name": {
      "version": "1.0.4",
      "resolved": "https://registry.npmjs.org/hyphenate-style-name/-/hyphenate-style-name-1.0.4.tgz",
      "integrity": "sha512-ygGZLjmXfPHj+ZWh6LwbC37l43MhfztxetbFCoYTM2VjkIUpeHgSNn7QIyVFj7YQ1Wl9Cbw5sholVJPzWvC2MQ=="
    },
    "iconv-lite": {
      "version": "0.6.3",
      "resolved": "https://registry.npmjs.org/iconv-lite/-/iconv-lite-0.6.3.tgz",
      "integrity": "sha512-4fCk79wshMdzMp2rH06qWrJE4iolqLhCUH+OiuIgU++RB0+94NlDL81atO7GX55uUKueo0txHNtvEyI6D7WdMw==",
      "requires": {
        "safer-buffer": ">= 2.1.2 < 3.0.0"
      }
    },
    "inline-style-prefixer": {
      "version": "3.0.8",
      "resolved": "https://registry.npmjs.org/inline-style-prefixer/-/inline-style-prefixer-3.0.8.tgz",
      "integrity": "sha1-hVG45bTVcyROZqNLBPfTIHaitTQ=",
      "requires": {
        "bowser": "^1.7.3",
        "css-in-js-utils": "^2.0.0"
      }
    },
    "invariant": {
      "version": "2.2.4",
      "resolved": "https://registry.npmjs.org/invariant/-/invariant-2.2.4.tgz",
      "integrity": "sha512-phJfQVBuaJM5raOpJjSfkiD6BpbCE4Ns//LaXl6wGYtUBY83nWS6Rf9tXm2e8VaK60JEjYldbPif/A2B1C2gNA==",
      "requires": {
        "loose-envify": "^1.0.0"
      }
    },
    "is-stream": {
      "version": "1.1.0",
      "resolved": "https://registry.npmjs.org/is-stream/-/is-stream-1.1.0.tgz",
      "integrity": "sha1-EtSj3U5o4Lec6428hBc66A2RykQ="
    },
    "isobject": {
      "version": "3.0.1",
      "resolved": "https://registry.npmjs.org/isobject/-/isobject-3.0.1.tgz",
      "integrity": "sha1-TkMekrEalzFjaqH5yNHMvP2reN8="
    },
    "isomorphic-fetch": {
      "version": "2.2.1",
      "resolved": "https://registry.npmjs.org/isomorphic-fetch/-/isomorphic-fetch-2.2.1.tgz",
      "integrity": "sha1-YRrhrPFPXoH3KVB0coGf6XM1WKk=",
      "requires": {
        "node-fetch": "^1.0.1",
        "whatwg-fetch": ">=0.10.0"
      }
    },
    "js-tokens": {
      "version": "3.0.2",
      "resolved": "https://registry.npmjs.org/js-tokens/-/js-tokens-3.0.2.tgz",
      "integrity": "sha1-mGbfOVECEw449/mWvOtlRDIJwls="
    },
    "lodash": {
      "version": "4.17.21",
      "resolved": "https://registry.npmjs.org/lodash/-/lodash-4.17.21.tgz",
      "integrity": "sha512-v2kDEe57lecTulaDIuNTPy3Ry4gLGJ6Z1O3vE1krgXZNrsQ+LFTGHVxVjcXPs17LhbZVGedAJv8XZ1tvj5FvSg=="
    },
    "lodash.debounce": {
      "version": "4.0.8",
      "resolved": "https://registry.npmjs.org/lodash.debounce/-/lodash.debounce-4.0.8.tgz",
      "integrity": "sha1-gteb/zCmfEAF/9XiUVMArZyk168="
    },
    "lodash.startcase": {
      "version": "4.4.0",
      "resolved": "https://registry.npmjs.org/lodash.startcase/-/lodash.startcase-4.4.0.tgz",
      "integrity": "sha1-lDbjTtJgk+1/+uGTYUQ1CRXZrdg="
    },
    "loose-envify": {
      "version": "1.4.0",
      "resolved": "https://registry.npmjs.org/loose-envify/-/loose-envify-1.4.0.tgz",
      "integrity": "sha512-lyuxPGr/Wfhrlem2CL/UcnUc1zcqKAImBDzukY7Y5F/yQiNdko6+fRLevlw1HgMySw7f611UIY408EtxRSoK3Q==",
      "requires": {
        "js-tokens": "^3.0.0 || ^4.0.0"
      }
    },
    "ms": {
      "version": "2.0.0",
      "resolved": "https://registry.npmjs.org/ms/-/ms-2.0.0.tgz",
      "integrity": "sha1-VgiurfwAvmwpAd9fmGF4jeDVl8g="
    },
    "node-fetch": {
      "version": "1.7.3",
      "resolved": "https://registry.npmjs.org/node-fetch/-/node-fetch-1.7.3.tgz",
      "integrity": "sha512-NhZ4CsKx7cYm2vSrBAr2PvFOe6sWDf0UYLRqA6svUYg7+/TSfVAu49jYC4BvQ4Sms9SZgdqGBgroqfDhJdTyKQ==",
      "requires": {
        "encoding": "^0.1.11",
        "is-stream": "^1.0.1"
      }
    },
    "object-assign": {
      "version": "4.1.1",
      "resolved": "https://registry.npmjs.org/object-assign/-/object-assign-4.1.1.tgz",
      "integrity": "sha1-IQmtx5ZYh8/AXLvUQsrIv7s2CGM="
    },
    "powerbi": {
      "version": "1.0.2",
      "resolved": "https://registry.npmjs.org/powerbi/-/powerbi-1.0.2.tgz",
      "integrity": "sha512-L8A0ccuu/S0ZUWYsbh6HukHBTRm3W5bbOCJXrV9BW/C1bgogfwL9UF02lZtBSeB1Ttj40OzQT154D7rge9DR4Q==",
      "requires": {
        "babel-plugin-transform-class-properties": "^6.24.1",
        "babel-plugin-transform-object-rest-spread": "^6.26.0",
        "evergreen-ui": "^4.7.1",
        "powerbi-client": "^2.6.5"
      }
    },
    "powerbi-client": {
      "version": "2.19.1",
      "resolved": "https://registry.npmjs.org/powerbi-client/-/powerbi-client-2.19.1.tgz",
      "integrity": "sha512-vJOexJ9MA/NaaGju6FT1M5o/0lmLtEVNajeW8Qe5LnTYw+K/B05bKW649+9ZeZf20DOvr1kYLDCCHCsQ1CoV7w==",
      "requires": {
        "http-post-message": "^0.2",
        "powerbi-models": "^1.9.8",
        "powerbi-router": "^0.1",
        "window-post-message-proxy": "^0.2"
      }
    },
    "powerbi-models": {
      "version": "1.9.8",
      "resolved": "https://registry.npmjs.org/powerbi-models/-/powerbi-models-1.9.8.tgz",
      "integrity": "sha512-3L0T+fdZ8rUBwtQGDuDxPqk8p3o/GLzE6/8Xt8uO2yA4fjO9dK7xgZwZpFcZKXEY2TOr//eICbqyokKKTUvA1w=="
    },
    "powerbi-router": {
      "version": "0.1.5",
      "resolved": "https://registry.npmjs.org/powerbi-router/-/powerbi-router-0.1.5.tgz",
      "integrity": "sha1-3S0tBHT4y3ZpCoX2pR2Mqf6pOjI=",
      "requires": {
        "es6-promise": "^3.2.1",
        "route-recognizer": "^0.1.11"
      }
    },
    "promise": {
      "version": "7.3.1",
      "resolved": "https://registry.npmjs.org/promise/-/promise-7.3.1.tgz",
      "integrity": "sha512-nolQXZ/4L+bP/UGlkfaIujX9BKxGwmQ9OT4mOt5yvy8iK1h3wqTEJCijzGANTCCl9nWjY41juyAn2K3Q1hLLTg==",
      "requires": {
        "asap": "~2.0.3"
      }
    },
    "prop-types": {
      "version": "15.8.1",
      "resolved": "https://registry.npmjs.org/prop-types/-/prop-types-15.8.1.tgz",
      "integrity": "sha512-oj87CgZICdulUohogVAR7AjlC0327U4el4L6eAvOqCeudMDVU0NThNaV+b9Df4dXgSP1gXMTnPdhfe/2qDH5cg==",
      "requires": {
        "loose-envify": "^1.4.0",
        "object-assign": "^4.1.1",
        "react-is": "^16.13.1"
      }
    },
    "react-event-listener": {
      "version": "0.5.10",
      "resolved": "https://registry.npmjs.org/react-event-listener/-/react-event-listener-0.5.10.tgz",
      "integrity": "sha512-YZklRszh9hq3WP3bdNLjFwJcTCVe7qyTf5+LWNaHfZQaZrptsefDK2B5HHpOsEEaMHvjllUPr0+qIFVTSsurow==",
      "requires": {
        "@babel/runtime": "7.0.0-beta.42",
        "fbjs": "^0.8.16",
        "prop-types": "^15.6.0",
        "warning": "^3.0.0"
      },
      "dependencies": {
        "@babel/runtime": {
          "version": "7.0.0-beta.42",
          "resolved": "https://registry.npmjs.org/@babel/runtime/-/runtime-7.0.0-beta.42.tgz",
          "integrity": "sha512-iOGRzUoONLOtmCvjUsZv3mZzgCT6ljHQY5fr1qG1QIiJQwtM7zbPWGGpa3QWETq+UqwWyJnoi5XZDZRwZDFciQ==",
          "requires": {
            "core-js": "^2.5.3",
            "regenerator-runtime": "^0.11.1"
          }
        }
      }
    },
    "react-is": {
      "version": "16.13.1",
      "resolved": "https://registry.npmjs.org/react-is/-/react-is-16.13.1.tgz",
      "integrity": "sha512-24e6ynE2H+OKt4kqsOvNd8kBpV65zoxbA4BVsEOB3ARVWQki/DHzaUoC5KuON/BiccDaCCTZBuOcfZs70kR8bQ=="
    },
    "react-lifecycles-compat": {
      "version": "3.0.4",
      "resolved": "https://registry.npmjs.org/react-lifecycles-compat/-/react-lifecycles-compat-3.0.4.tgz",
      "integrity": "sha512-fBASbA6LnOU9dOU2eW7aQ8xmYBSXUIWr+UmF9b1efZBazGNO+rcXT/icdKnYm2pTwcRylVUYwW7H1PHfLekVzA=="
    },
    "react-scrollbar-size": {
      "version": "2.1.0",
      "resolved": "https://registry.npmjs.org/react-scrollbar-size/-/react-scrollbar-size-2.1.0.tgz",
      "integrity": "sha512-9dDUJvk7S48r0TRKjlKJ9e/LkLLYgc9LdQR6W21I8ZqtSrEsedPOoMji4nU3DHy7fx2l8YMScJS/N7qiloYzXQ==",
      "requires": {
        "babel-runtime": "^6.26.0",
        "prop-types": "^15.6.0",
        "react-event-listener": "^0.5.1",
        "stifle": "^1.0.2"
      }
    },
    "react-tiny-virtual-list": {
      "version": "2.2.0",
      "resolved": "https://registry.npmjs.org/react-tiny-virtual-list/-/react-tiny-virtual-list-2.2.0.tgz",
      "integrity": "sha512-MDiy2xyqfvkWrRiQNdHFdm36lfxmcLLKuYnUqcf9xIubML85cmYCgzBJrDsLNZ3uJQ5LEHH9BnxGKKSm8+C0Bw==",
      "requires": {
        "prop-types": "^15.5.7"
      }
    },
    "react-transition-group": {
      "version": "2.9.0",
      "resolved": "https://registry.npmjs.org/react-transition-group/-/react-transition-group-2.9.0.tgz",
      "integrity": "sha512-+HzNTCHpeQyl4MJ/bdE0u6XRMe9+XG/+aL4mCxVN4DnPBQ0/5bfHWPDuOZUzYdMj94daZaZdCCc1Dzt9R/xSSg==",
      "requires": {
        "dom-helpers": "^3.4.0",
        "loose-envify": "^1.4.0",
        "prop-types": "^15.6.2",
        "react-lifecycles-compat": "^3.0.4"
      }
    },
    "regenerator-runtime": {
      "version": "0.11.1",
      "resolved": "https://registry.npmjs.org/regenerator-runtime/-/regenerator-runtime-0.11.1.tgz",
      "integrity": "sha512-MguG95oij0fC3QV3URf4V2SDYGJhJnJGqvIIgdECeODCT98wSWDAJ94SSuVpYQUoTcGUIL6L4yNB7j1DFFHSBg=="
    },
    "route-recognizer": {
      "version": "0.1.11",
      "resolved": "https://registry.npmjs.org/route-recognizer/-/route-recognizer-0.1.11.tgz",
      "integrity": "sha1-gQ2OVwKrtAVtbcuOhlxWhefBTrc="
    },
    "safer-buffer": {
      "version": "2.1.2",
      "resolved": "https://registry.npmjs.org/safer-buffer/-/safer-buffer-2.1.2.tgz",
      "integrity": "sha512-YZo3K82SD7Riyi0E1EQPojLz7kpepnSQI9IyPbHHg1XXXevb5dJI7tpyN2ADxGcQbHG7vcyRHk0cbwqcQriUtg=="
    },
    "setimmediate": {
      "version": "1.0.5",
      "resolved": "https://registry.npmjs.org/setimmediate/-/setimmediate-1.0.5.tgz",
      "integrity": "sha1-KQy7Iy4waULX1+qbg3Mqt4VvgoU="
    },
    "stifle": {
      "version": "1.1.1",
      "resolved": "https://registry.npmjs.org/stifle/-/stifle-1.1.1.tgz",
      "integrity": "sha512-INvON4DXLAWxpor+f0ZHnYQYXBqDXQRW1znLpf5/C/AWzJ0eQQAThfdqHQ5BDkiyywD67rQGvbE4LC+Aig6K/Q=="
    },
    "strip-ansi": {
      "version": "3.0.1",
      "resolved": "https://registry.npmjs.org/strip-ansi/-/strip-ansi-3.0.1.tgz",
      "integrity": "sha1-ajhfuIU9lS1f8F0Oiq+UJ43GPc8=",
      "requires": {
        "ansi-regex": "^2.0.0"
      }
    },
    "supports-color": {
      "version": "2.0.0",
      "resolved": "https://registry.npmjs.org/supports-color/-/supports-color-2.0.0.tgz",
      "integrity": "sha1-U10EXOa2Nj+kARcIRimZXp3zJMc="
    },
    "through": {
      "version": "2.3.8",
      "resolved": "https://registry.npmjs.org/through/-/through-2.3.8.tgz",
      "integrity": "sha1-DdTJ/6q8NXlgsbckEV1+Doai4fU="
    },
    "tinycolor2": {
      "version": "1.4.2",
      "resolved": "https://registry.npmjs.org/tinycolor2/-/tinycolor2-1.4.2.tgz",
      "integrity": "sha512-vJhccZPs965sV/L2sU4oRQVAos0pQXwsvTLkWYdqJ+a8Q5kPFzJTuOFwy7UniPli44NKQGAglksjvOcpo95aZA=="
    },
    "to-fast-properties": {
      "version": "1.0.3",
      "resolved": "https://registry.npmjs.org/to-fast-properties/-/to-fast-properties-1.0.3.tgz",
      "integrity": "sha1-uDVx+k2MJbguIxsG46MFXeTKGkc="
    },
    "tslib": {
      "version": "1.13.0",
      "resolved": "https://registry.npmjs.org/tslib/-/tslib-1.13.0.tgz",
      "integrity": "sha512-i/6DQjL8Xf3be4K/E6Wgpekn5Qasl1usyw++dAA35Ue5orEn65VIxOA+YvNNl9HV3qv70T7CNwjODHZrLwvd1Q=="
    },
    "ua-parser-js": {
      "version": "0.7.31",
      "resolved": "https://registry.npmjs.org/ua-parser-js/-/ua-parser-js-0.7.31.tgz",
      "integrity": "sha512-qLK/Xe9E2uzmYI3qLeOmI0tEOt+TBBQyUIAh4aAgU05FVYzeZrKUdkAZfBNVGRaHVgV0TDkdEngJSw/SyQchkQ=="
    },
    "ui-box": {
      "version": "3.3.1",
      "resolved": "https://registry.npmjs.org/ui-box/-/ui-box-3.3.1.tgz",
      "integrity": "sha512-bzaFMdtzeSz1YcMRjE1A5a1/ExRWVSu5c42f9YeDAhlVfgNSGCrQMEEAiq3XvEVKlVgnf6GxDfGrvzBZA3w2GA==",
      "requires": {
        "@emotion/hash": "^0.7.1",
        "inline-style-prefixer": "^5.0.4",
        "prop-types": "^15.7.2"
      },
      "dependencies": {
        "inline-style-prefixer": {
          "version": "5.1.2",
          "resolved": "https://registry.npmjs.org/inline-style-prefixer/-/inline-style-prefixer-5.1.2.tgz",
          "integrity": "sha512-PYUF+94gDfhy+LsQxM0g3d6Hge4l1pAqOSOiZuHWzMvQEGsbRQ/ck2WioLqrY2ZkHyPgVUXxn+hrkF7D6QUGbA==",
          "requires": {
            "css-in-js-utils": "^2.0.0"
          }
        }
      }
    },
    "warning": {
      "version": "3.0.0",
      "resolved": "https://registry.npmjs.org/warning/-/warning-3.0.0.tgz",
      "integrity": "sha1-MuU3fLVy3kqwR1O9+IIcAe1gW3w=",
      "requires": {
        "loose-envify": "^1.0.0"
      }
    },
    "whatwg-fetch": {
      "version": "3.6.2",
      "resolved": "https://registry.npmjs.org/whatwg-fetch/-/whatwg-fetch-3.6.2.tgz",
      "integrity": "sha512-bJlen0FcuU/0EMLrdbJ7zOnW6ITZLrZMIarMUVmdKtsGvZna8vxKYaexICWPfZ8qwf9fzNq+UEIZrnSaApt6RA=="
    },
    "window-post-message-proxy": {
      "version": "0.2.6",
      "resolved": "https://registry.npmjs.org/window-post-message-proxy/-/window-post-message-proxy-0.2.6.tgz",
      "integrity": "sha512-IwNWtUWVFarBa2F9vhmfv2yr0PfPm57QuOBCw3qSLaunhD3THcHUKQ4HrJQiCuYUT7LEjhUtaoA+hrV+wQzNmQ==",
      "requires": {
        "es6-promise": "^3.1.2"
      }
    }
  }
}
